
Microsoft Visual Studio Solution File, Format Version 12.00
# Visual Studio Version 17
VisualStudioVersion = 17.3.32929.385
MinimumVisualStudioVersion = 10.0.40219.1
Project("{FAE04EC0-301F-11D3-BF4B-00C04F79EFBC}") = "Esercizio Casse", "Esercizio Casse\Esercizio Casse.csproj", "{AD50E0F1-8C2F-4157-9C4C-9A597402A72F}"
EndProject
Global
	GlobalSection(SolutionConfigurationPlatforms) = preSolution
		Debug|Any CPU = Debug|Any CPU
		Release|Any CPU = Release|Any CPU
	EndGlobalSection
	GlobalSection(ProjectConfigurationPlatforms) = postSolution
		{AD50E0F1-8C2F-4157-9C4C-9A597402A72F}.Debug|Any CPU.ActiveCfg = Debug|Any CPU
		{AD50E0F1-8C2F-4157-9C4C-9A597402A72F}.Debug|Any CPU.Build.0 = Debug|Any CPU
		{AD50E0F1-8C2F-4157-9C4C-9A597402A72F}.Release|Any CPU.ActiveCfg = Release|Any CPU
		{AD50E0F1-8C2F-4157-9C4C-9A597402A72F}.Release|Any CPU.Build.0 = Release|Any CPU
	EndGlobalSection
	GlobalSection(SolutionProperties) = preSolution
		HideSolutionNode = FALSE
	EndGlobalSection
	GlobalSection(ExtensibilityGlobals) = postSolution
		SolutionGuid = {3651D3BB-2E63-402E-BD30-9672C35C3225}
	EndGlobalSection
EndGlobal
